// !$*UTF8*$!
{
	archiveVersion = 1;
	classes = {
	};
	objectVersion = 46;
	objects = {

/* Begin PBXBuildFile section */
		92E3BD581E16C264004543A7 /* AppDelegate.swift in Sources */ = {isa = PBXBuildFile; fileRef = 92E3BD571E16C264004543A7 /* AppDelegate.swift */; };
		92E3BD5A1E16C264004543A7 /* FaceViewController.swift in Sources */ = {isa = PBXBuildFile; fileRef = 92E3BD591E16C264004543A7 /* FaceViewController.swift */; };
		92E3BD5D1E16C264004543A7 /* Main.storyboard in Resources */ = {isa = PBXBuildFile; fileRef = 92E3BD5B1E16C264004543A7 /* Main.storyboard */; };
		92E3BD5F1E16C264004543A7 /* Assets.xcassets in Resources */ = {isa = PBXBuildFile; fileRef = 92E3BD5E1E16C264004543A7 /* Assets.xcassets */; };
		92E3BD621E16C264004543A7 /* LaunchScreen.storyboard in Resources */ = {isa = PBXBuildFile; fileRef = 92E3BD601E16C264004543A7 /* LaunchScreen.storyboard */; };
		92E3BD6B1E16C32B004543A7 /* FaceView.swift in Sources */ = {isa = PBXBuildFile; fileRef = 92E3BD6A1E16C32B004543A7 /* FaceView.swift */; };
/* End PBXBuildFile section */

/* Begin PBXFileReference section */
		92E3BD541E16C264004543A7 /* FaceIt.app */ = {isa = PBXFileReference; explicitFileType = wrapper.application; includeInIndex = 0; path = FaceIt.app; sourceTree = BUILT_PRODUCTS_DIR; };
		92E3BD571E16C264004543A7 /* AppDelegate.swift */ = {isa = PBXFileReference; lastKnownFileType = sourcecode.swift; path = AppDelegate.swift; sourceTree = "<group>"; };
		92E3BD591E16C264004543A7 /* FaceViewController.swift */ = {isa = PBXFileReference; lastKnownFileType = sourcecode.swift; path = FaceViewController.swift; sourceTree = "<group>"; };
		92E3BD5C1E16C264004543A7 /* Base */ = {isa = PBXFileReference; lastKnownFileType = file.storyboard; name = Base; path = Base.lproj/Main.storyboard; sourceTree = "<group>"; };
		92E3BD5E1E16C264004543A7 /* Assets.xcassets */ = {isa = PBXFileReference; lastKnownFileType = folder.assetcatalog; path = Assets.xcassets; sourceTree = "<group>"; };
		92E3BD611E16C264004543A7 /* Base */ = {isa = PBXFileReference; lastKnownFileType = file.storyboard; name = Base; path = Base.lproj/LaunchScreen.storyboard; sourceTree = "<group>"; };
		92E3BD631E16C264004543A7 /* Info.plist */ = {isa = PBXFileReference; lastKnownFileType = text.plist.xml; path = Info.plist; sourceTree = "<group>"; };
		92E3BD6A1E16C32B004543A7 /* FaceView.swift */ = {isa = PBXFileReference; fileEncoding = 4; lastKnownFileType = sourcecode.swift; path = FaceView.swift; sourceTree = "<group>"; };
/* End PBXFileReference section */

/* Begin PBXFrameworksBuildPhase section */
		92E3BD511E16C264004543A7 /* Frameworks */ = {
			isa = PBXFrameworksBuildPhase;
			buildActionMask = 2147483647;
			files = (
			);
			runOnlyForDeploymentPostprocessing = 0;
		};
/* End PBXFrameworksBuildPhase section */

/* Begin PBXGroup section */
		92E3BD4B1E16C264004543A7 = {
			isa = PBXGroup;
			children = (
				92E3BD561E16C264004543A7 /* FaceIt */,
				92E3BD551E16C264004543A7 /* Products */,
			);
			sourceTree = "<group>";
		};
		92E3BD551E16C264004543A7 /* Products */ = {
			isa = PBXGroup;
			children = (
				92E3BD541E16C264004543A7 /* FaceIt.app */,
			);
			name = Products;
			sourceTree = "<group>";
		};
		92E3BD561E16C264004543A7 /* FaceIt */ = {
			isa = PBXGroup;
			children = (
				92E3BD691E16C27A004543A7 /* Supporting Files */,
				92E3BD591E16C264004543A7 /* FaceViewController.swift */,
				92E3BD5B1E16C264004543A7 /* Main.storyboard */,
				92E3BD6A1E16C32B004543A7 /* FaceView.swift */,
			);
			path = FaceIt;
			sourceTree = "<group>";
		};
		92E3BD691E16C27A004543A7 /* Supporting Files */ = {
			isa = PBXGroup;
			children = (
				92E3BD571E16C264004543A7 /* AppDelegate.swift */,
				92E3BD5E1E16C264004543A7 /* Assets.xcassets */,
				92E3BD601E16C264004543A7 /* LaunchScreen.storyboard */,
				92E3BD631E16C264004543A7 /* Info.plist */,
			);
			name = "Supporting Files";
			sourceTree = "<group>";
		};
/* End PBXGroup section */

/* Begin PBXNativeTarget section */
		92E3BD531E16C264004543A7 /* FaceIt */ = {
			isa = PBXNativeTarget;
			buildConfigurationList = 92E3BD661E16C264004543A7 /* Build configuration list for PBXNativeTarget "FaceIt" */;
			buildPhases = (
				92E3BD501E16C264004543A7 /* Sources */,
				92E3BD511E16C264004543A7 /* Frameworks */,
				92E3BD521E16C264004543A7 /* Resources */,
			);
			buildRules = (
			);
			dependencies = (
			);
			name = FaceIt;
			productName = FaceIt;
			productReference = 92E3BD541E16C264004543A7 /* FaceIt.app */;
			productType = "com.apple.product-type.application";
		};
/* End PBXNativeTarget section */

/* Begin PBXProject section */
		92E3BD4C1E16C264004543A7 /* Project object */ = {
			isa = PBXProject;
			attributes = {
				LastSwiftUpdateCheck = 0820;
				LastUpgradeCheck = 0820;
				ORGANIZATIONNAME = "Vladimir Burmistrovich";
				TargetAttributes = {
					92E3BD531E16C264004543A7 = {
						CreatedOnToolsVersion = 8.2.1;
						DevelopmentTeam = 7B6BJ8WR9X;
						ProvisioningStyle = Automatic;
					};
				};
			};
			buildConfigurationList = 92E3BD4F1E16C264004543A7 /* Build configuration list for PBXProject "FaceIt" */;
			compatibilityVersion = "Xcode 3.2";
			developmentRegion = English;
			hasScannedForEncodings = 0;
			knownRegions = (
				en,
				Base,
			);
			mainGroup = 92E3BD4B1E16C264004543A7;
			productRefGroup = 92E3BD551E16C264004543A7 /* Products */;
			projectDirPath = "";
			projectRoot = "";
			targets = (
				92E3BD531E16C264004543A7 /* FaceIt */,
			);
		};
/* End PBXProject section */

/* Begin PBXResourcesBuildPhase section */
		92E3BD521E16C264004543A7 /* Resources */ = {
			isa = PBXResourcesBuildPhase;
			buildActionMask = 2147483647;
			files = (
				92E3BD621E16C264004543A7 /* LaunchScreen.storyboard in Resources */,
				92E3BD5F1E16C264004543A7 /* Assets.xcassets in Resources */,
				92E3BD5D1E16C264004543A7 /* Main.storyboard in Resources */,
			);
			runOnlyForDeploymentPostprocessing = 0;
		};
/* End PBXResourcesBuildPhase section */

/* Begin PBXSourcesBuildPhase section */
		92E3BD501E16C264004543A7 /* Sources */ = {
			isa = PBXSourcesBuildPhase;
			buildActionMask = 2147483647;
			files = (
				92E3BD5A1E16C264004543A7 /* FaceViewController.swift in Sources */,
				92E3BD581E16C264004543A7 /* AppDelegate.swift in Sources */,
				92E3BD6B1E16C32B004543A7 /* FaceView.swift in Sources */,
			);
			runOnlyForDeploymentPostprocessing = 0;
		};
/* End PBXSourcesBuildPhase section */

/* Begin PBXVariantGroup section */
		92E3BD5B1E16C264004543A7 /* Main.storyboard */ = {
			isa = PBXVariantGroup;
			children = (
				92E3BD5C1E16C264004543A7 /* Base */,
			);
			name = Main.storyboard;
			sourceTree = "<group>";
		};
		92E3BD601E16C264004543A7 /* LaunchScreen.storyboard */ = {
			isa = PBXVariantGroup;
			children = (
				92E3BD611E16C264004543A7 /* Base */,
			);
			name = LaunchScreen.storyboard;
			sourceTree = "<group>";
		};
/* End PBXVariantGroup section */

/* Begin XCBuildConfiguration section */
		92E3BD641E16C264004543A7 /* Debug */ = {
			isa = XCBuildConfiguration;
			buildSettings = {
				ALWAYS_SEARCH_USER_PATHS = NO;
				CLANG_ANALYZER_NONNULL = YES;
				CLANG_CXX_LANGUAGE_STANDARD = "gnu++0x";
				CLANG_CXX_LIBRARY = "libc++";
				CLANG_ENABLE_MODULES = YES;
				CLANG_ENABLE_OBJC_ARC = YES;
				CLANG_WARN_BOOL_CONVERSION = YES;
				CLANG_WARN_CONSTANT_CONVERSION = YES;
				CLANG_WARN_DIRECT_OBJC_ISA_USAGE = YES_ERROR;
				CLANG_WARN_DOCUMENTATION_COMMENTS = YES;
				CLANG_WARN_EMPTY_BODY = YES;
				CLANG_WARN_ENUM_CONVERSION = YES;
				CLANG_WARN_INFINITE_RECURSION = YES;
				CLANG_WARN_INT_CONVERSION = YES;
				CLANG_WARN_OBJC_ROOT_CLASS = YES_ERROR;
				CLANG_WARN_SUSPICIOUS_MOVE = YES;
				CLANG_WARN_UNREACHABLE_CODE = YES;
				CLANG_WARN__DUPLICATE_METHOD_MATCH = YES;
				"CODE_SIGN_IDENTITY[sdk=iphoneos*]" = "iPhone Developer";
				COPY_PHASE_STRIP = NO;
				DEBUG_INFORMATION_FORMAT = dwarf;
				ENABLE_STRICT_OBJC_MSGSEND = YES;
				ENABLE_TESTABILITY = YES;
				GCC_C_LANGUAGE_STANDARD = gnu99;
				GCC_DYNAMIC_NO_PIC = NO;
				GCC_NO_COMMON_BLOCKS = YES;
				GCC_OPTIMIZATION_LEVEL = 0;
				GCC_PREPROCESSOR_DEFINITIONS = (
					"DEBUG=1",
					"$(inherited)",
				);
				GCC_WARN_64_TO_32_BIT_CONVERSION = YES;
				GCC_WARN_ABOUT_RETURN_TYPE = YES_ERROR;
				GCC_WARN_UNDECLARED_SELECTOR = YES;
				GCC_WARN_UNINITIALIZED_AUTOS = YES_AGGRESSIVE;
				GCC_WARN_UNUSED_FUNCTION = YES;
				GCC_WARN_UNUSED_VARIABLE = YES;
				IPHONEOS_DEPLOYMENT_TARGET = 10.2;
				MTL_ENABLE_DEBUG_INFO = YES;
				ONLY_ACTIVE_ARCH = YES;
				SDKROOT = iphoneos;
				SWIFT_ACTIVE_COMPILATION_CONDITIONS = DEBUG;
				SWIFT_OPTIMIZATION_LEVEL = "-Onone";
				TARGETED_DEVICE_FAMILY = "1,2";
			};
			name = Debug;
		};
		92E3BD651E16C264004543A7 /* Release */ = {
			isa = XCBuildConfiguration;
			buildSettings = {
				ALWAYS_SEARCH_USER_PATHS = NO;
				CLANG_ANALYZER_NONNULL = YES;
				CLANG_CXX_LANGUAGE_STANDARD = "gnu++0x";
				CLANG_CXX_LIBRARY = "libc++";
				CLANG_ENABLE_MODULES = YES;
				CLANG_ENABLE_OBJC_ARC = YES;
				CLANG_WARN_BOOL_CONVERSION = YES;
				CLANG_WARN_CONSTANT_CONVERSION = YES;
				CLANG_WARN_DIRECT_OBJC_ISA_USAGE = YES_ERROR;
				CLANG_WARN_DOCUMENTATION_COMMENTS = YES;
				CLANG_WARN_EMPTY_BODY = YES;
				CLANG_WARN_ENUM_CONVERSION = YES;
				CLANG_WARN_INFINITE_RECURSION = YES;
				CLANG_WARN_INT_CONVERSION = YES;
				CLANG_WARN_OBJC_ROOT_CLASS = YES_ERROR;
				CLANG_WARN_SUSPICIOUS_MOVE = YES;
				CLANG_WARN_UNREACHABLE_CODE = YES;
				CLANG_WARN__DUPLICATE_METHOD_MATCH = YES;
				"CODE_SIGN_IDENTITY[sdk=iphoneos*]" = "iPhone Developer";
				COPY_PHASE_STRIP = NO;
				DEBUG_INFORMATION_FORMAT = "dwarf-with-dsym";
				ENABLE_NS_ASSERTIONS = NO;
				ENABLE_STRICT_OBJC_MSGSEND = YES;
				GCC_C_LANGUAGE_STANDARD = gnu99;
				GCC_NO_COMMON_BLOCKS = YES;
				GCC_WARN_64_TO_32_BIT_CONVERSION = YES;
				GCC_WARN_ABOUT_RETURN_TYPE = YES_ERROR;
				GCC_WARN_UNDECLARED_SELECTOR = YES;
				GCC_WARN_UNINITIALIZED_AUTOS = YES_AGGRESSIVE;
				GCC_WARN_UNUSED_FUNCTION = YES;
				GCC_WARN_UNUSED_VARIABLE = YES;
				IPHONEOS_DEPLOYMENT_TARGET = 10.2;
				MTL_ENABLE_DEBUG_INFO = NO;
				SDKROOT = iphoneos;
				SWIFT_OPTIMIZATION_LEVEL = "-Owholemodule";
				TARGETED_DEVICE_FAMILY = "1,2";
				VALIDATE_PRODUCT = YES;
			};
			name = Release;
		};
		92E3BD671E16C264004543A7 /* Debug */ = {
			isa = XCBuildConfiguration;
			buildSettings = {
				ASSETCATALOG_COMPILER_APPICON_NAME = AppIcon;
				DEVELOPMENT_TEAM = 7B6BJ8WR9X;
				INFOPLIST_FILE = FaceIt/Info.plist;
				LD_RUNPATH_SEARCH_PATHS = "$(inherited) @executable_path/Frameworks";
				PRODUCT_BUNDLE_IDENTIFIER = com.burmistrovich.FaceIt;
				PRODUCT_NAME = "$(TARGET_NAME)";
				SWIFT_VERSION = 3.0;
			};
			name = Debug;
		};
		92E3BD681E16C264004543A7 /* Release */ = {
			isa = XCBuildConfiguration;
			buildSettings = {
				ASSETCATALOG_COMPILER_APPICON_NAME = AppIcon;
				DEVELOPMENT_TEAM = 7B6BJ8WR9X;
				INFOPLIST_FILE = FaceIt/Info.plist;
				LD_RUNPATH_SEARCH_PATHS = "$(inherited) @executable_path/Frameworks";
				PRODUCT_BUNDLE_IDENTIFIER = com.burmistrovich.FaceIt;
				PRODUCT_NAME = "$(TARGET_NAME)";
				SWIFT_VERSION = 3.0;
			};
			name = Release;
		};
/* End XCBuildConfiguration section */

/* Begin XCConfigurationList section */
		92E3BD4F1E16C264004543A7 /* Build configuration list for PBXProject "FaceIt" */ = {
			isa = XCConfigurationList;
			buildConfigurations = (
				92E3BD641E16C264004543A7 /* Debug */,
				92E3BD651E16C264004543A7 /* Release */,
			);
			defaultConfigurationIsVisible = 0;
			defaultConfigurationName = Release;
		};
		92E3BD661E16C264004543A7 /* Build configuration list for PBXNativeTarget "FaceIt" */ = {
			isa = XCConfigurationList;
			buildConfigurations = (
				92E3BD671E16C264004543A7 /* Debug */,
				92E3BD681E16C264004543A7 /* Release */,
			);
			defaultConfigurationIsVisible = 0;
		};
/* End XCConfigurationList section */
	};
	rootObject = 92E3BD4C1E16C264004543A7 /* Project object */;
}
